
Microsoft Visual Studio Solution File, Format Version 12.00
# Visual Studio Version 17
VisualStudioVersion = 17.6.33829.357
MinimumVisualStudioVersion = 10.0.40219.1
Project("{FAE04EC0-301F-11D3-BF4B-00C04F79EFBC}") = "ApartmentLayout", "ApartmentLayout\ApartmentLayout.csproj", "{CE669AB0-8025-4F09-9B2A-3A8F59B0F6F0}"
EndProject
Global
	GlobalSection(SolutionConfigurationPlatforms) = preSolution
		Debug|Any CPU = Debug|Any CPU
		Release|Any CPU = Release|Any CPU
	EndGlobalSection
	GlobalSection(ProjectConfigurationPlatforms) = postSolution
		{CE669AB0-8025-4F09-9B2A-3A8F59B0F6F0}.Debug|Any CPU.ActiveCfg = Debug|Any CPU
		{CE669AB0-8025-4F09-9B2A-3A8F59B0F6F0}.Debug|Any CPU.Build.0 = Debug|Any CPU
		{CE669AB0-8025-4F09-9B2A-3A8F59B0F6F0}.Release|Any CPU.ActiveCfg = Release|Any CPU
		{CE669AB0-8025-4F09-9B2A-3A8F59B0F6F0}.Release|Any CPU.Build.0 = Release|Any CPU
	EndGlobalSection
	GlobalSection(SolutionProperties) = preSolution
		HideSolutionNode = FALSE
	EndGlobalSection
	GlobalSection(ExtensibilityGlobals) = postSolution
		SolutionGuid = {2F79E7F9-F3F7-4550-A5D7-200042DCF616}
	EndGlobalSection
EndGlobal
