
Microsoft Visual Studio Solution File, Format Version 12.00
# Visual Studio Version 17
VisualStudioVersion = 17.6.33829.357
MinimumVisualStudioVersion = 10.0.40219.1
Project("{FAE04EC0-301F-11D3-BF4B-00C04F79EFBC}") = "Plugin_Kvartiry2", "Plugin_Kvartiry2\Plugin_Kvartiry2.csproj", "{C3CCD4DF-E6BB-4D64-853C-C77C61B5731E}"
EndProject
Global
	GlobalSection(SolutionConfigurationPlatforms) = preSolution
		Debug|Any CPU = Debug|Any CPU
		Release|Any CPU = Release|Any CPU
	EndGlobalSection
	GlobalSection(ProjectConfigurationPlatforms) = postSolution
		{C3CCD4DF-E6BB-4D64-853C-C77C61B5731E}.Debug|Any CPU.ActiveCfg = Debug|Any CPU
		{C3CCD4DF-E6BB-4D64-853C-C77C61B5731E}.Debug|Any CPU.Build.0 = Debug|Any CPU
		{C3CCD4DF-E6BB-4D64-853C-C77C61B5731E}.Release|Any CPU.ActiveCfg = Release|Any CPU
		{C3CCD4DF-E6BB-4D64-853C-C77C61B5731E}.Release|Any CPU.Build.0 = Release|Any CPU
	EndGlobalSection
	GlobalSection(SolutionProperties) = preSolution
		HideSolutionNode = FALSE
	EndGlobalSection
	GlobalSection(ExtensibilityGlobals) = postSolution
		SolutionGuid = {93A7880D-A388-495A-94A4-6D71841FCDF3}
	EndGlobalSection
EndGlobal
