
Microsoft Visual Studio Solution File, Format Version 12.00
# Visual Studio Version 17
VisualStudioVersion = 17.6.33829.357
MinimumVisualStudioVersion = 10.0.40219.1
Project("{FAE04EC0-301F-11D3-BF4B-00C04F79EFBC}") = "PNR_Room_Name", "PNR_Room_Name\PNR_Room_Name.csproj", "{2E1BA95F-4D4A-40E0-8D2E-0E84F55AAB4E}"
EndProject
Global
	GlobalSection(SolutionConfigurationPlatforms) = preSolution
		Debug|Any CPU = Debug|Any CPU
		Release|Any CPU = Release|Any CPU
	EndGlobalSection
	GlobalSection(ProjectConfigurationPlatforms) = postSolution
		{2E1BA95F-4D4A-40E0-8D2E-0E84F55AAB4E}.Debug|Any CPU.ActiveCfg = Debug|Any CPU
		{2E1BA95F-4D4A-40E0-8D2E-0E84F55AAB4E}.Debug|Any CPU.Build.0 = Debug|Any CPU
		{2E1BA95F-4D4A-40E0-8D2E-0E84F55AAB4E}.Release|Any CPU.ActiveCfg = Release|Any CPU
		{2E1BA95F-4D4A-40E0-8D2E-0E84F55AAB4E}.Release|Any CPU.Build.0 = Release|Any CPU
	EndGlobalSection
	GlobalSection(SolutionProperties) = preSolution
		HideSolutionNode = FALSE
	EndGlobalSection
	GlobalSection(ExtensibilityGlobals) = postSolution
		SolutionGuid = {30E2D093-24CC-4B3B-A3D7-FBFDFA396734}
	EndGlobalSection
EndGlobal
