
Microsoft Visual Studio Solution File, Format Version 12.00
# Visual Studio Version 17
VisualStudioVersion = 17.6.33829.357
MinimumVisualStudioVersion = 10.0.40219.1
Project("{FAE04EC0-301F-11D3-BF4B-00C04F79EFBC}") = "Plugin_Kvartiry", "Plugin_Kvartiry\Plugin_Kvartiry.csproj", "{DF11D86C-2DAE-4952-A066-FB6F1DF10D08}"
EndProject
Global
	GlobalSection(SolutionConfigurationPlatforms) = preSolution
		Debug|Any CPU = Debug|Any CPU
		Release|Any CPU = Release|Any CPU
	EndGlobalSection
	GlobalSection(ProjectConfigurationPlatforms) = postSolution
		{DF11D86C-2DAE-4952-A066-FB6F1DF10D08}.Debug|Any CPU.ActiveCfg = Debug|Any CPU
		{DF11D86C-2DAE-4952-A066-FB6F1DF10D08}.Debug|Any CPU.Build.0 = Debug|Any CPU
		{DF11D86C-2DAE-4952-A066-FB6F1DF10D08}.Release|Any CPU.ActiveCfg = Release|Any CPU
		{DF11D86C-2DAE-4952-A066-FB6F1DF10D08}.Release|Any CPU.Build.0 = Release|Any CPU
	EndGlobalSection
	GlobalSection(SolutionProperties) = preSolution
		HideSolutionNode = FALSE
	EndGlobalSection
	GlobalSection(ExtensibilityGlobals) = postSolution
		SolutionGuid = {BB513339-6835-4D2B-8952-E0EBB448D7AF}
	EndGlobalSection
EndGlobal
